
Microsoft Visual Studio Solution File, Format Version 12.00
# Visual Studio for Mac
Project("{FAE04EC0-301F-11D3-BF4B-00C04F79EFBC}") = "SpaceInvadersRemake", "SpaceInvadersRemake.csproj", "{DDB2DAF1-7E4C-3585-50A5-DE402488080A}"
EndProject
Project("{FAE04EC0-301F-11D3-BF4B-00C04F79EFBC}") = "SpaceInvadersRemake.Plugins", "SpaceInvadersRemake.Plugins.csproj", "{F180486C-A146-EB26-B010-6A00C25D5280}"
EndProject
Project("{FAE04EC0-301F-11D3-BF4B-00C04F79EFBC}") = "SpaceInvadersRemake.Editor.Plugins", "SpaceInvadersRemake.Editor.Plugins.csproj", "{456F4D4B-6599-E811-6EB4-FCEDD503A1D6}"
EndProject
Project("{FAE04EC0-301F-11D3-BF4B-00C04F79EFBC}") = "SpaceInvadersRemake.Editor", "SpaceInvadersRemake.Editor.csproj", "{EDFD287E-1B44-0973-D16F-788D66C49CEE}"
EndProject
Global
	GlobalSection(SolutionConfigurationPlatforms) = preSolution
		Debug|Any CPU = Debug|Any CPU
		Release|Any CPU = Release|Any CPU
	EndGlobalSection
	GlobalSection(ProjectConfigurationPlatforms) = postSolution
		{DDB2DAF1-7E4C-3585-50A5-DE402488080A}.Debug|Any CPU.ActiveCfg = Debug|Any CPU
		{DDB2DAF1-7E4C-3585-50A5-DE402488080A}.Debug|Any CPU.Build.0 = Debug|Any CPU
		{DDB2DAF1-7E4C-3585-50A5-DE402488080A}.Release|Any CPU.ActiveCfg = Release|Any CPU
		{DDB2DAF1-7E4C-3585-50A5-DE402488080A}.Release|Any CPU.Build.0 = Release|Any CPU
		{F180486C-A146-EB26-B010-6A00C25D5280}.Debug|Any CPU.ActiveCfg = Debug|Any CPU
		{F180486C-A146-EB26-B010-6A00C25D5280}.Debug|Any CPU.Build.0 = Debug|Any CPU
		{F180486C-A146-EB26-B010-6A00C25D5280}.Release|Any CPU.ActiveCfg = Release|Any CPU
		{F180486C-A146-EB26-B010-6A00C25D5280}.Release|Any CPU.Build.0 = Release|Any CPU
		{456F4D4B-6599-E811-6EB4-FCEDD503A1D6}.Debug|Any CPU.ActiveCfg = Debug|Any CPU
		{456F4D4B-6599-E811-6EB4-FCEDD503A1D6}.Debug|Any CPU.Build.0 = Debug|Any CPU
		{456F4D4B-6599-E811-6EB4-FCEDD503A1D6}.Release|Any CPU.ActiveCfg = Release|Any CPU
		{456F4D4B-6599-E811-6EB4-FCEDD503A1D6}.Release|Any CPU.Build.0 = Release|Any CPU
		{EDFD287E-1B44-0973-D16F-788D66C49CEE}.Debug|Any CPU.ActiveCfg = Debug|Any CPU
		{EDFD287E-1B44-0973-D16F-788D66C49CEE}.Debug|Any CPU.Build.0 = Debug|Any CPU
		{EDFD287E-1B44-0973-D16F-788D66C49CEE}.Release|Any CPU.ActiveCfg = Release|Any CPU
		{EDFD287E-1B44-0973-D16F-788D66C49CEE}.Release|Any CPU.Build.0 = Release|Any CPU
	EndGlobalSection
	GlobalSection(SolutionProperties) = preSolution
		HideSolutionNode = FALSE
	EndGlobalSection
EndGlobal
